
Microsoft Visual Studio Solution File, Format Version 12.00
# Visual Studio Version 17
VisualStudioVersion = 17.14.36121.58 d17.14
MinimumVisualStudioVersion = 10.0.40219.1
Project("{FAE04EC0-301F-11D3-BF4B-00C04F79EFBC}") = "TrapeziumShape", "TrapeziumShape.csproj", "{83955A53-27E1-4971-8E48-A9ED2A389684}"
EndProject
Global
	GlobalSection(SolutionConfigurationPlatforms) = preSolution
		Debug|Any CPU = Debug|Any CPU
		Release|Any CPU = Release|Any CPU
	EndGlobalSection
	GlobalSection(ProjectConfigurationPlatforms) = postSolution
		{83955A53-27E1-4971-8E48-A9ED2A389684}.Debug|Any CPU.ActiveCfg = Debug|Any CPU
		{83955A53-27E1-4971-8E48-A9ED2A389684}.Debug|Any CPU.Build.0 = Debug|Any CPU
		{83955A53-27E1-4971-8E48-A9ED2A389684}.Release|Any CPU.ActiveCfg = Release|Any CPU
		{83955A53-27E1-4971-8E48-A9ED2A389684}.Release|Any CPU.Build.0 = Release|Any CPU
	EndGlobalSection
	GlobalSection(SolutionProperties) = preSolution
		HideSolutionNode = FALSE
	EndGlobalSection
	GlobalSection(ExtensibilityGlobals) = postSolution
		SolutionGuid = {0BE5FA0B-1243-4D81-980C-BE7C3411A87E}
	EndGlobalSection
EndGlobal
